
Microsoft Visual Studio Solution File, Format Version 12.00
# Visual Studio Version 17
VisualStudioVersion = 17.3.32819.101
MinimumVisualStudioVersion = 10.0.40219.1
Project("{FAE04EC0-301F-11D3-BF4B-00C04F79EFBC}") = "reposPattern", "reposPattern.csproj", "{A84C237B-A46D-4A82-A289-86F5AAE03804}"
EndProject
Global
	GlobalSection(SolutionConfigurationPlatforms) = preSolution
		Debug|Any CPU = Debug|Any CPU
		Release|Any CPU = Release|Any CPU
	EndGlobalSection
	GlobalSection(ProjectConfigurationPlatforms) = postSolution
		{A84C237B-A46D-4A82-A289-86F5AAE03804}.Debug|Any CPU.ActiveCfg = Debug|Any CPU
		{A84C237B-A46D-4A82-A289-86F5AAE03804}.Debug|Any CPU.Build.0 = Debug|Any CPU
		{A84C237B-A46D-4A82-A289-86F5AAE03804}.Release|Any CPU.ActiveCfg = Release|Any CPU
		{A84C237B-A46D-4A82-A289-86F5AAE03804}.Release|Any CPU.Build.0 = Release|Any CPU
	EndGlobalSection
	GlobalSection(SolutionProperties) = preSolution
		HideSolutionNode = FALSE
	EndGlobalSection
	GlobalSection(ExtensibilityGlobals) = postSolution
		SolutionGuid = {89391C44-287B-4279-BC7F-86037085F886}
	EndGlobalSection
EndGlobal
